
Microsoft Visual Studio Solution File, Format Version 12.00
# Visual Studio Version 17
VisualStudioVersion = 17.8.34330.188
MinimumVisualStudioVersion = 10.0.40219.1
Project("{2150E333-8FDC-42A3-9474-1A3956D46DE8}") = "src", "src", "{7747C9D7-117C-42EC-B348-B6A9F5EB8DA7}"
EndProject
Project("{2150E333-8FDC-42A3-9474-1A3956D46DE8}") = "host", "host", "{F2DAA116-E24D-4C7B-A2F2-F503E45141E1}"
EndProject
Project("{9A19103F-16F7-4668-BE54-9A1E7A4F7556}") = "PTS.Domain", "PTS.Domain\PTS.Domain.csproj", "{574DEB62-0468-41BB-9E1C-D4AFCD11EFC4}"
EndProject
Project("{9A19103F-16F7-4668-BE54-9A1E7A4F7556}") = "PTS.Host", "PTS.Host\PTS.Host.csproj", "{295D8A3E-F215-4824-81AE-C5B5D41D2592}"
EndProject
Project("{9A19103F-16F7-4668-BE54-9A1E7A4F7556}") = "PTS.Base.Application", "PTS.Base.Application\PTS.Base.Application.csproj", "{6DBD9969-2CDB-41F4-8F35-88A6E5486241}"
EndProject
Project("{FAE04EC0-301F-11D3-BF4B-00C04F79EFBC}") = "MS.Infrastructure", "MS.Infrastructure\MS.Infrastructure.csproj", "{1606EFEE-1566-4ABE-A3EC-2381CCB3908C}"
EndProject
Global
	GlobalSection(SolutionConfigurationPlatforms) = preSolution
		Debug|Any CPU = Debug|Any CPU
		Release|Any CPU = Release|Any CPU
	EndGlobalSection
	GlobalSection(ProjectConfigurationPlatforms) = postSolution
		{574DEB62-0468-41BB-9E1C-D4AFCD11EFC4}.Debug|Any CPU.ActiveCfg = Debug|Any CPU
		{574DEB62-0468-41BB-9E1C-D4AFCD11EFC4}.Debug|Any CPU.Build.0 = Debug|Any CPU
		{574DEB62-0468-41BB-9E1C-D4AFCD11EFC4}.Release|Any CPU.ActiveCfg = Release|Any CPU
		{574DEB62-0468-41BB-9E1C-D4AFCD11EFC4}.Release|Any CPU.Build.0 = Release|Any CPU
		{295D8A3E-F215-4824-81AE-C5B5D41D2592}.Debug|Any CPU.ActiveCfg = Debug|Any CPU
		{295D8A3E-F215-4824-81AE-C5B5D41D2592}.Debug|Any CPU.Build.0 = Debug|Any CPU
		{295D8A3E-F215-4824-81AE-C5B5D41D2592}.Release|Any CPU.ActiveCfg = Release|Any CPU
		{295D8A3E-F215-4824-81AE-C5B5D41D2592}.Release|Any CPU.Build.0 = Release|Any CPU
		{6DBD9969-2CDB-41F4-8F35-88A6E5486241}.Debug|Any CPU.ActiveCfg = Debug|Any CPU
		{6DBD9969-2CDB-41F4-8F35-88A6E5486241}.Debug|Any CPU.Build.0 = Debug|Any CPU
		{6DBD9969-2CDB-41F4-8F35-88A6E5486241}.Release|Any CPU.ActiveCfg = Release|Any CPU
		{6DBD9969-2CDB-41F4-8F35-88A6E5486241}.Release|Any CPU.Build.0 = Release|Any CPU
		{1606EFEE-1566-4ABE-A3EC-2381CCB3908C}.Debug|Any CPU.ActiveCfg = Debug|Any CPU
		{1606EFEE-1566-4ABE-A3EC-2381CCB3908C}.Debug|Any CPU.Build.0 = Debug|Any CPU
		{1606EFEE-1566-4ABE-A3EC-2381CCB3908C}.Release|Any CPU.ActiveCfg = Release|Any CPU
		{1606EFEE-1566-4ABE-A3EC-2381CCB3908C}.Release|Any CPU.Build.0 = Release|Any CPU
	EndGlobalSection
	GlobalSection(SolutionProperties) = preSolution
		HideSolutionNode = FALSE
	EndGlobalSection
	GlobalSection(NestedProjects) = preSolution
		{574DEB62-0468-41BB-9E1C-D4AFCD11EFC4} = {7747C9D7-117C-42EC-B348-B6A9F5EB8DA7}
		{295D8A3E-F215-4824-81AE-C5B5D41D2592} = {F2DAA116-E24D-4C7B-A2F2-F503E45141E1}
		{6DBD9969-2CDB-41F4-8F35-88A6E5486241} = {7747C9D7-117C-42EC-B348-B6A9F5EB8DA7}
		{1606EFEE-1566-4ABE-A3EC-2381CCB3908C} = {7747C9D7-117C-42EC-B348-B6A9F5EB8DA7}
	EndGlobalSection
	GlobalSection(ExtensibilityGlobals) = postSolution
		SolutionGuid = {1F0E9431-0DE6-4849-8090-9D04E62D5B25}
	EndGlobalSection
EndGlobal
