
Microsoft Visual Studio Solution File, Format Version 12.00
# Visual Studio Version 17
VisualStudioVersion = 17.8.34330.188
MinimumVisualStudioVersion = 10.0.40219.1
Project("{2150E333-8FDC-42A3-9474-1A3956D46DE8}") = "src", "src", "{7747C9D7-117C-42EC-B348-B6A9F5EB8DA7}"
EndProject
Project("{9A19103F-16F7-4668-BE54-9A1E7A4F7556}") = "PTS.Shared", "PTS.Shared\PTS.Shared.csproj", "{26E39935-B5AD-4A11-8670-63188BF8C07A}"
EndProject
Project("{2150E333-8FDC-42A3-9474-1A3956D46DE8}") = "Core", "Core", "{8B0485C9-81F2-4115-ADA3-837193498E3C}"
EndProject
Project("{9A19103F-16F7-4668-BE54-9A1E7A4F7556}") = "PTS.Domain", "PTS.Domain\PTS.Domain.csproj", "{A0DFA5C2-4C70-488C-826C-0C4D284E9087}"
EndProject
Project("{9A19103F-16F7-4668-BE54-9A1E7A4F7556}") = "PTS.Application", "PTS.Application\PTS.Application.csproj", "{CDFA0459-68AA-48C1-8BB7-2DCE86E0158F}"
EndProject
Project("{2150E333-8FDC-42A3-9474-1A3956D46DE8}") = "Infrastructure", "Infrastructure", "{F615282A-2302-4986-AFD2-C1FE65C9B9A2}"
EndProject
Project("{2150E333-8FDC-42A3-9474-1A3956D46DE8}") = "Presentation", "Presentation", "{4D8E8E8B-6274-4081-9346-48CA11AD2A93}"
EndProject
Project("{9A19103F-16F7-4668-BE54-9A1E7A4F7556}") = "PTS.WebAPI", "PTS.WebAPI\PTS.WebAPI.csproj", "{9237319A-DB36-4CF2-B4E1-E4F003B042DE}"
EndProject
Project("{9A19103F-16F7-4668-BE54-9A1E7A4F7556}") = "PTS.Persistence", "PTS.Persistence\PTS.Persistence.csproj", "{5A6C6B99-3298-4FD4-BB73-3FD1FAC6C971}"
EndProject
Project("{9A19103F-16F7-4668-BE54-9A1E7A4F7556}") = "PTS.Infrastructure", "PTS.Infrastructure\PTS.Infrastructure.csproj", "{5A44F8EC-DE93-440A-A501-DEA223BF642E}"
EndProject
Project("{2150E333-8FDC-42A3-9474-1A3956D46DE8}") = "Solution Items", "Solution Items", "{CE7212E6-5687-4FBE-80DC-EDE3B66C7666}"
EndProject
Global
	GlobalSection(SolutionConfigurationPlatforms) = preSolution
		Debug|Any CPU = Debug|Any CPU
		Release|Any CPU = Release|Any CPU
	EndGlobalSection
	GlobalSection(ProjectConfigurationPlatforms) = postSolution
		{26E39935-B5AD-4A11-8670-63188BF8C07A}.Debug|Any CPU.ActiveCfg = Debug|Any CPU
		{26E39935-B5AD-4A11-8670-63188BF8C07A}.Debug|Any CPU.Build.0 = Debug|Any CPU
		{26E39935-B5AD-4A11-8670-63188BF8C07A}.Release|Any CPU.ActiveCfg = Release|Any CPU
		{26E39935-B5AD-4A11-8670-63188BF8C07A}.Release|Any CPU.Build.0 = Release|Any CPU
		{A0DFA5C2-4C70-488C-826C-0C4D284E9087}.Debug|Any CPU.ActiveCfg = Debug|Any CPU
		{A0DFA5C2-4C70-488C-826C-0C4D284E9087}.Debug|Any CPU.Build.0 = Debug|Any CPU
		{A0DFA5C2-4C70-488C-826C-0C4D284E9087}.Release|Any CPU.ActiveCfg = Release|Any CPU
		{A0DFA5C2-4C70-488C-826C-0C4D284E9087}.Release|Any CPU.Build.0 = Release|Any CPU
		{CDFA0459-68AA-48C1-8BB7-2DCE86E0158F}.Debug|Any CPU.ActiveCfg = Debug|Any CPU
		{CDFA0459-68AA-48C1-8BB7-2DCE86E0158F}.Debug|Any CPU.Build.0 = Debug|Any CPU
		{CDFA0459-68AA-48C1-8BB7-2DCE86E0158F}.Release|Any CPU.ActiveCfg = Release|Any CPU
		{CDFA0459-68AA-48C1-8BB7-2DCE86E0158F}.Release|Any CPU.Build.0 = Release|Any CPU
		{9237319A-DB36-4CF2-B4E1-E4F003B042DE}.Debug|Any CPU.ActiveCfg = Debug|Any CPU
		{9237319A-DB36-4CF2-B4E1-E4F003B042DE}.Debug|Any CPU.Build.0 = Debug|Any CPU
		{9237319A-DB36-4CF2-B4E1-E4F003B042DE}.Release|Any CPU.ActiveCfg = Release|Any CPU
		{9237319A-DB36-4CF2-B4E1-E4F003B042DE}.Release|Any CPU.Build.0 = Release|Any CPU
		{5A6C6B99-3298-4FD4-BB73-3FD1FAC6C971}.Debug|Any CPU.ActiveCfg = Debug|Any CPU
		{5A6C6B99-3298-4FD4-BB73-3FD1FAC6C971}.Debug|Any CPU.Build.0 = Debug|Any CPU
		{5A6C6B99-3298-4FD4-BB73-3FD1FAC6C971}.Release|Any CPU.ActiveCfg = Release|Any CPU
		{5A6C6B99-3298-4FD4-BB73-3FD1FAC6C971}.Release|Any CPU.Build.0 = Release|Any CPU
		{5A44F8EC-DE93-440A-A501-DEA223BF642E}.Debug|Any CPU.ActiveCfg = Debug|Any CPU
		{5A44F8EC-DE93-440A-A501-DEA223BF642E}.Debug|Any CPU.Build.0 = Debug|Any CPU
		{5A44F8EC-DE93-440A-A501-DEA223BF642E}.Release|Any CPU.ActiveCfg = Release|Any CPU
		{5A44F8EC-DE93-440A-A501-DEA223BF642E}.Release|Any CPU.Build.0 = Release|Any CPU
	EndGlobalSection
	GlobalSection(SolutionProperties) = preSolution
		HideSolutionNode = FALSE
	EndGlobalSection
	GlobalSection(NestedProjects) = preSolution
		{26E39935-B5AD-4A11-8670-63188BF8C07A} = {8B0485C9-81F2-4115-ADA3-837193498E3C}
		{8B0485C9-81F2-4115-ADA3-837193498E3C} = {7747C9D7-117C-42EC-B348-B6A9F5EB8DA7}
		{A0DFA5C2-4C70-488C-826C-0C4D284E9087} = {8B0485C9-81F2-4115-ADA3-837193498E3C}
		{CDFA0459-68AA-48C1-8BB7-2DCE86E0158F} = {8B0485C9-81F2-4115-ADA3-837193498E3C}
		{F615282A-2302-4986-AFD2-C1FE65C9B9A2} = {7747C9D7-117C-42EC-B348-B6A9F5EB8DA7}
		{4D8E8E8B-6274-4081-9346-48CA11AD2A93} = {7747C9D7-117C-42EC-B348-B6A9F5EB8DA7}
		{9237319A-DB36-4CF2-B4E1-E4F003B042DE} = {4D8E8E8B-6274-4081-9346-48CA11AD2A93}
		{5A6C6B99-3298-4FD4-BB73-3FD1FAC6C971} = {F615282A-2302-4986-AFD2-C1FE65C9B9A2}
		{5A44F8EC-DE93-440A-A501-DEA223BF642E} = {F615282A-2302-4986-AFD2-C1FE65C9B9A2}
	EndGlobalSection
	GlobalSection(ExtensibilityGlobals) = postSolution
		SolutionGuid = {1F0E9431-0DE6-4849-8090-9D04E62D5B25}
	EndGlobalSection
EndGlobal
